
Microsoft Visual Studio Solution File, Format Version 12.00
# Visual Studio Version 16
VisualStudioVersion = 16.0.30804.86
MinimumVisualStudioVersion = 10.0.40219.1
Project("{FAE04EC0-301F-11D3-BF4B-00C04F79EFBC}") = "BrowserPick", "BrowserPick.csproj", "{77D14702-E9FB-41BF-BD8D-55E09DE47014}"
EndProject
Global
	GlobalSection(SolutionConfigurationPlatforms) = preSolution
		Debug|Any CPU = Debug|Any CPU
		Release|Any CPU = Release|Any CPU
	EndGlobalSection
	GlobalSection(ProjectConfigurationPlatforms) = postSolution
		{77D14702-E9FB-41BF-BD8D-55E09DE47014}.Debug|Any CPU.ActiveCfg = Debug|Any CPU
		{77D14702-E9FB-41BF-BD8D-55E09DE47014}.Debug|Any CPU.Build.0 = Debug|Any CPU
		{77D14702-E9FB-41BF-BD8D-55E09DE47014}.Release|Any CPU.ActiveCfg = Release|Any CPU
		{77D14702-E9FB-41BF-BD8D-55E09DE47014}.Release|Any CPU.Build.0 = Release|Any CPU
	EndGlobalSection
	GlobalSection(SolutionProperties) = preSolution
		HideSolutionNode = FALSE
	EndGlobalSection
	GlobalSection(ExtensibilityGlobals) = postSolution
		SolutionGuid = {B18DFA39-A4DB-4AFA-8E4E-7A0706B63845}
	EndGlobalSection
EndGlobal
